
Microsoft Visual Studio Solution File, Format Version 12.00
# Visual Studio Version 16
VisualStudioVersion = 16.0.31019.35
MinimumVisualStudioVersion = 10.0.40219.1
Project("{9A19103F-16F7-4668-BE54-9A1E7A4F7556}") = "OS_Project", "OS_Project.csproj", "{5E47D79A-445A-4AA4-9B5B-10AD8D3214AF}"
EndProject
Global
	GlobalSection(SolutionConfigurationPlatforms) = preSolution
		Debug|Any CPU = Debug|Any CPU
		Release|Any CPU = Release|Any CPU
	EndGlobalSection
	GlobalSection(ProjectConfigurationPlatforms) = postSolution
		{5E47D79A-445A-4AA4-9B5B-10AD8D3214AF}.Debug|Any CPU.ActiveCfg = Debug|Any CPU
		{5E47D79A-445A-4AA4-9B5B-10AD8D3214AF}.Debug|Any CPU.Build.0 = Debug|Any CPU
		{5E47D79A-445A-4AA4-9B5B-10AD8D3214AF}.Release|Any CPU.ActiveCfg = Release|Any CPU
		{5E47D79A-445A-4AA4-9B5B-10AD8D3214AF}.Release|Any CPU.Build.0 = Release|Any CPU
	EndGlobalSection
	GlobalSection(SolutionProperties) = preSolution
		HideSolutionNode = FALSE
	EndGlobalSection
	GlobalSection(ExtensibilityGlobals) = postSolution
		SolutionGuid = {69D6F98E-5286-46B5-9B22-E62ABFF55CF5}
	EndGlobalSection
EndGlobal
